
Microsoft Visual Studio Solution File, Format Version 12.00
# Visual Studio Version 17
VisualStudioVersion = 17.4.33213.308
MinimumVisualStudioVersion = 10.0.40219.1
Project("{FAE04EC0-301F-11D3-BF4B-00C04F79EFBC}") = "Task22-MVC", "Task22-MVC.csproj", "{1FCF77F2-BA06-4856-AF9B-3421D05CDD7E}"
EndProject
Global
	GlobalSection(SolutionConfigurationPlatforms) = preSolution
		Debug|Any CPU = Debug|Any CPU
		Release|Any CPU = Release|Any CPU
	EndGlobalSection
	GlobalSection(ProjectConfigurationPlatforms) = postSolution
		{1FCF77F2-BA06-4856-AF9B-3421D05CDD7E}.Debug|Any CPU.ActiveCfg = Debug|Any CPU
		{1FCF77F2-BA06-4856-AF9B-3421D05CDD7E}.Debug|Any CPU.Build.0 = Debug|Any CPU
		{1FCF77F2-BA06-4856-AF9B-3421D05CDD7E}.Release|Any CPU.ActiveCfg = Release|Any CPU
		{1FCF77F2-BA06-4856-AF9B-3421D05CDD7E}.Release|Any CPU.Build.0 = Release|Any CPU
	EndGlobalSection
	GlobalSection(SolutionProperties) = preSolution
		HideSolutionNode = FALSE
	EndGlobalSection
	GlobalSection(ExtensibilityGlobals) = postSolution
		SolutionGuid = {C80DA3A1-52E1-4E5A-A76A-DC5DF7912861}
	EndGlobalSection
EndGlobal
